{
  "requires": true,
  "lockfileVersion": 1,
  "dependencies": {
    "react-native-remote-svg": {
      "version": "2.0.6",
      "resolved": "https://registry.npmjs.org/react-native-remote-svg/-/react-native-remote-svg-2.0.6.tgz",
      "integrity": "sha512-tQbDL+gtfGgG9Evz5TOn5Odmrn/EYsmsLqVZ0Do0VMJevfLBuQRioLiwRsI/BCgOHu1oQLZIIE5p7V/lN9jLrw=="
    }
  }
}
